
Microsoft Visual Studio Solution File, Format Version 12.00
# Visual Studio Version 17
VisualStudioVersion = 17.10.35027.167
MinimumVisualStudioVersion = 10.0.40219.1
Project("{FAE04EC0-301F-11D3-BF4B-00C04F79EFBC}") = "API", "API\API.csproj", "{400A6834-45F0-45BE-98A3-58BC1D29A608}"
EndProject
Global
	GlobalSection(SolutionConfigurationPlatforms) = preSolution
		Debug|Any CPU = Debug|Any CPU
		Release|Any CPU = Release|Any CPU
	EndGlobalSection
	GlobalSection(ProjectConfigurationPlatforms) = postSolution
		{400A6834-45F0-45BE-98A3-58BC1D29A608}.Debug|Any CPU.ActiveCfg = Debug|Any CPU
		{400A6834-45F0-45BE-98A3-58BC1D29A608}.Debug|Any CPU.Build.0 = Debug|Any CPU
		{400A6834-45F0-45BE-98A3-58BC1D29A608}.Release|Any CPU.ActiveCfg = Release|Any CPU
		{400A6834-45F0-45BE-98A3-58BC1D29A608}.Release|Any CPU.Build.0 = Release|Any CPU
	EndGlobalSection
	GlobalSection(SolutionProperties) = preSolution
		HideSolutionNode = FALSE
	EndGlobalSection
	GlobalSection(ExtensibilityGlobals) = postSolution
		SolutionGuid = {1278E85D-6058-4153-B9B5-73990C0E7DFC}
	EndGlobalSection
EndGlobal
